
Microsoft Visual Studio Solution File, Format Version 12.00
# Visual Studio 15
VisualStudioVersion = 15.0.28307.645
MinimumVisualStudioVersion = 10.0.40219.1
Project("{F184B08F-C81C-45F6-A57F-5ABD9991F28F}") = "VisualizarInstantaneas", "VisualizarInstantaneas\VisualizarInstantaneas.vbproj", "{5D755C0F-74FF-4A11-898F-1C66A442F526}"
EndProject
Global
	GlobalSection(SolutionConfigurationPlatforms) = preSolution
		Debug|x86 = Debug|x86
		Release|x86 = Release|x86
	EndGlobalSection
	GlobalSection(ProjectConfigurationPlatforms) = postSolution
		{5D755C0F-74FF-4A11-898F-1C66A442F526}.Debug|x86.ActiveCfg = Debug|x86
		{5D755C0F-74FF-4A11-898F-1C66A442F526}.Debug|x86.Build.0 = Debug|x86
		{5D755C0F-74FF-4A11-898F-1C66A442F526}.Release|x86.ActiveCfg = Release|x86
		{5D755C0F-74FF-4A11-898F-1C66A442F526}.Release|x86.Build.0 = Release|x86
	EndGlobalSection
	GlobalSection(SolutionProperties) = preSolution
		HideSolutionNode = FALSE
	EndGlobalSection
	GlobalSection(ExtensibilityGlobals) = postSolution
		SolutionGuid = {737C4F1A-6E66-4CFD-A5F2-9ED228C3D45A}
	EndGlobalSection
EndGlobal
